
Microsoft Visual Studio Solution File, Format Version 12.00
# Visual Studio Version 17
VisualStudioVersion = 17.4.33213.308
MinimumVisualStudioVersion = 10.0.40219.1
Project("{FAE04EC0-301F-11D3-BF4B-00C04F79EFBC}") = "Tickets", "Tickets\Tickets.csproj", "{692165F7-DE56-4069-8806-8C7BF8624CAD}"
EndProject
Global
	GlobalSection(SolutionConfigurationPlatforms) = preSolution
		Debug|Any CPU = Debug|Any CPU
		Release|Any CPU = Release|Any CPU
	EndGlobalSection
	GlobalSection(ProjectConfigurationPlatforms) = postSolution
		{692165F7-DE56-4069-8806-8C7BF8624CAD}.Debug|Any CPU.ActiveCfg = Debug|Any CPU
		{692165F7-DE56-4069-8806-8C7BF8624CAD}.Debug|Any CPU.Build.0 = Debug|Any CPU
		{692165F7-DE56-4069-8806-8C7BF8624CAD}.Release|Any CPU.ActiveCfg = Release|Any CPU
		{692165F7-DE56-4069-8806-8C7BF8624CAD}.Release|Any CPU.Build.0 = Release|Any CPU
	EndGlobalSection
	GlobalSection(SolutionProperties) = preSolution
		HideSolutionNode = FALSE
	EndGlobalSection
	GlobalSection(ExtensibilityGlobals) = postSolution
		SolutionGuid = {7A270044-8E5E-4013-AE8F-51A750A5461E}
	EndGlobalSection
EndGlobal
